{
    "_readme": [
        "This file locks the dependencies of your project to a known state",
        "Read more about it at https://getcomposer.org/doc/01-basic-usage.md#composer-lock-the-lock-file",
        "This file is @generated automatically"
    ],
    "content-hash": "b541c978b7a003bcbf09622d3ae61714",
    "packages": [
        {
            "name": "keboola/csv",
            "version": "1.1.4",
            "source": {
                "type": "git",
                "url": "https://github.com/keboola/php-csv.git",
                "reference": "d7e257096c42eab09b54b7b46a905ca953a8eb6f"
            },
            "dist": {
                "type": "zip",
                "url": "https://api.github.com/repos/keboola/php-csv/zipball/d7e257096c42eab09b54b7b46a905ca953a8eb6f",
                "reference": "d7e257096c42eab09b54b7b46a905ca953a8eb6f",
                "shasum": ""
            },
            "require-dev": {
                "phpunit/phpunit": "~3.7"
            },
            "type": "library",
            "autoload": {
                "psr-0": {
                    "Keboola\\Csv": "src/"
                }
            },
            "notification-url": "https://packagist.org/downloads/",
            "license": [
                "MIT"
            ],
            "description": "Keboola CSV reader and writer",
            "homepage": "http://keboola.com",
            "time": "2016-04-21T20:46:22+00:00"
        },
        {
            "name": "keboola/php-temp",
            "version": "1.0.0",
            "source": {
                "type": "git",
                "url": "https://github.com/keboola/php-temp.git",
                "reference": "2e3c2fc4cce8536a84cbad2a1586eb2eaebe5d3b"
            },
            "dist": {
                "type": "zip",
                "url": "https://api.github.com/repos/keboola/php-temp/zipball/2e3c2fc4cce8536a84cbad2a1586eb2eaebe5d3b",
                "reference": "2e3c2fc4cce8536a84cbad2a1586eb2eaebe5d3b",
                "shasum": ""
            },
            "require": {
                "php": ">=5.3.3",
                "symfony/filesystem": ">2.1.0"
            },
            "require-dev": {
                "codeclimate/php-test-reporter": "dev-master",
                "phpunit/phpunit": "^5.2"
            },
            "type": "library",
            "autoload": {
                "psr-0": {
                    "Keboola\\Temp": "src/"
                }
            },
            "notification-url": "https://packagist.org/downloads/",
            "license": [
                "MIT"
            ],
            "authors": [
                {
                    "name": "Miro Cillik",
                    "email": "miro@keboola.cz"
                },
                {
                    "name": "Ondrej Vana",
                    "email": "kachna@keboola.cz"
                }
            ],
            "description": "Temp service - handles application's temporary files",
            "keywords": [
                "filesystem",
                "temp"
            ],
            "time": "2017-11-13T13:02:19+00:00"
        },
        {
            "name": "symfony/filesystem",
            "version": "v3.3.13",
            "source": {
                "type": "git",
                "url": "https://github.com/symfony/filesystem.git",
                "reference": "77db266766b54db3ee982fe51868328b887ce15c"
            },
            "dist": {
                "type": "zip",
                "url": "https://api.github.com/repos/symfony/filesystem/zipball/77db266766b54db3ee982fe51868328b887ce15c",
                "reference": "77db266766b54db3ee982fe51868328b887ce15c",
                "shasum": ""
            },
            "require": {
                "php": "^5.5.9|>=7.0.8"
            },
            "type": "library",
            "extra": {
                "branch-alias": {
                    "dev-master": "3.3-dev"
                }
            },
            "autoload": {
                "psr-4": {
                    "Symfony\\Component\\Filesystem\\": ""
                },
                "exclude-from-classmap": [
                    "/Tests/"
                ]
            },
            "notification-url": "https://packagist.org/downloads/",
            "license": [
                "MIT"
            ],
            "authors": [
                {
                    "name": "Fabien Potencier",
                    "email": "fabien@symfony.com"
                },
                {
                    "name": "Symfony Community",
                    "homepage": "https://symfony.com/contributors"
                }
            ],
            "description": "Symfony Filesystem Component",
            "homepage": "https://symfony.com",
            "time": "2017-11-07T14:12:55+00:00"
        }
    ],
    "packages-dev": [],
    "aliases": [],
    "minimum-stability": "stable",
    "stability-flags": [],
    "prefer-stable": false,
    "prefer-lowest": false,
    "platform": {
        "php": ">=7"
    },
    "platform-dev": []
}
